// !$*UTF8*$!
{
	archiveVersion = 1;
	classes = {
	};
	objectVersion = 46;
	objects = {

/* Begin PBXBuildFile section */
		C529EB9D19D61A8E00386511 /* AppDelegate.swift in Sources */ = {isa = PBXBuildFile; fileRef = C529EB9C19D61A8E00386511 /* AppDelegate.swift */; };
		C529EB9F19D61A8E00386511 /* ViewController.swift in Sources */ = {isa = PBXBuildFile; fileRef = C529EB9E19D61A8E00386511 /* ViewController.swift */; };
		C529EBA219D61A8E00386511 /* Main.storyboard in Resources */ = {isa = PBXBuildFile; fileRef = C529EBA019D61A8E00386511 /* Main.storyboard */; };
		C529EBA419D61A8E00386511 /* Images.xcassets in Resources */ = {isa = PBXBuildFile; fileRef = C529EBA319D61A8E00386511 /* Images.xcassets */; };
		C529EBA719D61A8E00386511 /* LaunchScreen.xib in Resources */ = {isa = PBXBuildFile; fileRef = C529EBA519D61A8E00386511 /* LaunchScreen.xib */; };
		C529EBB319D61A8E00386511 /* PostcardTests.swift in Sources */ = {isa = PBXBuildFile; fileRef = C529EBB219D61A8E00386511 /* PostcardTests.swift */; };
		C529EBBE19D65D4B00386511 /* AlbertEinsteinStamp.jpg in Resources */ = {isa = PBXBuildFile; fileRef = C529EBBC19D65D4B00386511 /* AlbertEinsteinStamp.jpg */; };
		C529EBBF19D65D4B00386511 /* SagradaFamilia.jpeg in Resources */ = {isa = PBXBuildFile; fileRef = C529EBBD19D65D4B00386511 /* SagradaFamilia.jpeg */; };
/* End PBXBuildFile section */

/* Begin PBXContainerItemProxy section */
		C529EBAD19D61A8E00386511 /* PBXContainerItemProxy */ = {
			isa = PBXContainerItemProxy;
			containerPortal = C529EB8F19D61A8E00386511 /* Project object */;
			proxyType = 1;
			remoteGlobalIDString = C529EB9619D61A8E00386511;
			remoteInfo = Postcard;
		};
/* End PBXContainerItemProxy section */

/* Begin PBXFileReference section */
		C529EB9719D61A8E00386511 /* Postcard.app */ = {isa = PBXFileReference; explicitFileType = wrapper.application; includeInIndex = 0; path = Postcard.app; sourceTree = BUILT_PRODUCTS_DIR; };
		C529EB9B19D61A8E00386511 /* Info.plist */ = {isa = PBXFileReference; lastKnownFileType = text.plist.xml; path = Info.plist; sourceTree = "<group>"; };
		C529EB9C19D61A8E00386511 /* AppDelegate.swift */ = {isa = PBXFileReference; lastKnownFileType = sourcecode.swift; path = AppDelegate.swift; sourceTree = "<group>"; };
		C529EB9E19D61A8E00386511 /* ViewController.swift */ = {isa = PBXFileReference; lastKnownFileType = sourcecode.swift; path = ViewController.swift; sourceTree = "<group>"; };
		C529EBA119D61A8E00386511 /* Base */ = {isa = PBXFileReference; lastKnownFileType = file.storyboard; name = Base; path = Base.lproj/Main.storyboard; sourceTree = "<group>"; };
		C529EBA319D61A8E00386511 /* Images.xcassets */ = {isa = PBXFileReference; lastKnownFileType = folder.assetcatalog; path = Images.xcassets; sourceTree = "<group>"; };
		C529EBA619D61A8E00386511 /* Base */ = {isa = PBXFileReference; lastKnownFileType = file.xib; name = Base; path = Base.lproj/LaunchScreen.xib; sourceTree = "<group>"; };
		C529EBAC19D61A8E00386511 /* PostcardTests.xctest */ = {isa = PBXFileReference; explicitFileType = wrapper.cfbundle; includeInIndex = 0; path = PostcardTests.xctest; sourceTree = BUILT_PRODUCTS_DIR; };
		C529EBB119D61A8E00386511 /* Info.plist */ = {isa = PBXFileReference; lastKnownFileType = text.plist.xml; path = Info.plist; sourceTree = "<group>"; };
		C529EBB219D61A8E00386511 /* PostcardTests.swift */ = {isa = PBXFileReference; lastKnownFileType = sourcecode.swift; path = PostcardTests.swift; sourceTree = "<group>"; };
		C529EBBC19D65D4B00386511 /* AlbertEinsteinStamp.jpg */ = {isa = PBXFileReference; lastKnownFileType = image.jpeg; path = AlbertEinsteinStamp.jpg; sourceTree = "<group>"; };
		C529EBBD19D65D4B00386511 /* SagradaFamilia.jpeg */ = {isa = PBXFileReference; lastKnownFileType = image.jpeg; path = SagradaFamilia.jpeg; sourceTree = "<group>"; };
/* End PBXFileReference section */

/* Begin PBXFrameworksBuildPhase section */
		C529EB9419D61A8E00386511 /* Frameworks */ = {
			isa = PBXFrameworksBuildPhase;
			buildActionMask = 2147483647;
			files = (
			);
			runOnlyForDeploymentPostprocessing = 0;
		};
		C529EBA919D61A8E00386511 /* Frameworks */ = {
			isa = PBXFrameworksBuildPhase;
			buildActionMask = 2147483647;
			files = (
			);
			runOnlyForDeploymentPostprocessing = 0;
		};
/* End PBXFrameworksBuildPhase section */

/* Begin PBXGroup section */
		C529EB8E19D61A8E00386511 = {
			isa = PBXGroup;
			children = (
				C529EB9919D61A8E00386511 /* Postcard */,
				C529EBAF19D61A8E00386511 /* PostcardTests */,
				C529EB9819D61A8E00386511 /* Products */,
			);
			sourceTree = "<group>";
		};
		C529EB9819D61A8E00386511 /* Products */ = {
			isa = PBXGroup;
			children = (
				C529EB9719D61A8E00386511 /* Postcard.app */,
				C529EBAC19D61A8E00386511 /* PostcardTests.xctest */,
			);
			name = Products;
			sourceTree = "<group>";
		};
		C529EB9919D61A8E00386511 /* Postcard */ = {
			isa = PBXGroup;
			children = (
				C529EB9C19D61A8E00386511 /* AppDelegate.swift */,
				C529EB9E19D61A8E00386511 /* ViewController.swift */,
				C529EBA019D61A8E00386511 /* Main.storyboard */,
				C529EBA319D61A8E00386511 /* Images.xcassets */,
				C529EBA519D61A8E00386511 /* LaunchScreen.xib */,
				C529EB9A19D61A8E00386511 /* Supporting Files */,
			);
			path = Postcard;
			sourceTree = "<group>";
		};
		C529EB9A19D61A8E00386511 /* Supporting Files */ = {
			isa = PBXGroup;
			children = (
				C529EBBC19D65D4B00386511 /* AlbertEinsteinStamp.jpg */,
				C529EBBD19D65D4B00386511 /* SagradaFamilia.jpeg */,
				C529EB9B19D61A8E00386511 /* Info.plist */,
			);
			name = "Supporting Files";
			sourceTree = "<group>";
		};
		C529EBAF19D61A8E00386511 /* PostcardTests */ = {
			isa = PBXGroup;
			children = (
				C529EBB219D61A8E00386511 /* PostcardTests.swift */,
				C529EBB019D61A8E00386511 /* Supporting Files */,
			);
			path = PostcardTests;
			sourceTree = "<group>";
		};
		C529EBB019D61A8E00386511 /* Supporting Files */ = {
			isa = PBXGroup;
			children = (
				C529EBB119D61A8E00386511 /* Info.plist */,
			);
			name = "Supporting Files";
			sourceTree = "<group>";
		};
/* End PBXGroup section */

/* Begin PBXNativeTarget section */
		C529EB9619D61A8E00386511 /* Postcard */ = {
			isa = PBXNativeTarget;
			buildConfigurationList = C529EBB619D61A8E00386511 /* Build configuration list for PBXNativeTarget "Postcard" */;
			buildPhases = (
				C529EB9319D61A8E00386511 /* Sources */,
				C529EB9419D61A8E00386511 /* Frameworks */,
				C529EB9519D61A8E00386511 /* Resources */,
			);
			buildRules = (
			);
			dependencies = (
			);
			name = Postcard;
			productName = Postcard;
			productReference = C529EB9719D61A8E00386511 /* Postcard.app */;
			productType = "com.apple.product-type.application";
		};
		C529EBAB19D61A8E00386511 /* PostcardTests */ = {
			isa = PBXNativeTarget;
			buildConfigurationList = C529EBB919D61A8E00386511 /* Build configuration list for PBXNativeTarget "PostcardTests" */;
			buildPhases = (
				C529EBA819D61A8E00386511 /* Sources */,
				C529EBA919D61A8E00386511 /* Frameworks */,
				C529EBAA19D61A8E00386511 /* Resources */,
			);
			buildRules = (
			);
			dependencies = (
				C529EBAE19D61A8E00386511 /* PBXTargetDependency */,
			);
			name = PostcardTests;
			productName = PostcardTests;
			productReference = C529EBAC19D61A8E00386511 /* PostcardTests.xctest */;
			productType = "com.apple.product-type.bundle.unit-test";
		};
/* End PBXNativeTarget section */

/* Begin PBXProject section */
		C529EB8F19D61A8E00386511 /* Project object */ = {
			isa = PBXProject;
			attributes = {
				LastUpgradeCheck = 0600;
				TargetAttributes = {
					C529EB9619D61A8E00386511 = {
						CreatedOnToolsVersion = 6.0.1;
					};
					C529EBAB19D61A8E00386511 = {
						CreatedOnToolsVersion = 6.0.1;
						TestTargetID = C529EB9619D61A8E00386511;
					};
				};
			};
			buildConfigurationList = C529EB9219D61A8E00386511 /* Build configuration list for PBXProject "Postcard" */;
			compatibilityVersion = "Xcode 3.2";
			developmentRegion = English;
			hasScannedForEncodings = 0;
			knownRegions = (
				en,
				Base,
			);
			mainGroup = C529EB8E19D61A8E00386511;
			productRefGroup = C529EB9819D61A8E00386511 /* Products */;
			projectDirPath = "";
			projectRoot = "";
			targets = (
				C529EB9619D61A8E00386511 /* Postcard */,
				C529EBAB19D61A8E00386511 /* PostcardTests */,
			);
		};
/* End PBXProject section */

/* Begin PBXResourcesBuildPhase section */
		C529EB9519D61A8E00386511 /* Resources */ = {
			isa = PBXResourcesBuildPhase;
			buildActionMask = 2147483647;
			files = (
				C529EBBE19D65D4B00386511 /* AlbertEinsteinStamp.jpg in Resources */,
				C529EBA219D61A8E00386511 /* Main.storyboard in Resources */,
				C529EBA719D61A8E00386511 /* LaunchScreen.xib in Resources */,
				C529EBA419D61A8E00386511 /* Images.xcassets in Resources */,
				C529EBBF19D65D4B00386511 /* SagradaFamilia.jpeg in Resources */,
			);
			runOnlyForDeploymentPostprocessing = 0;
		};
		C529EBAA19D61A8E00386511 /* Resources */ = {
			isa = PBXResourcesBuildPhase;
			buildActionMask = 2147483647;
			files = (
			);
			runOnlyForDeploymentPostprocessing = 0;
		};
/* End PBXResourcesBuildPhase section */

/* Begin PBXSourcesBuildPhase section */
		C529EB9319D61A8E00386511 /* Sources */ = {
			isa = PBXSourcesBuildPhase;
			buildActionMask = 2147483647;
			files = (
				C529EB9F19D61A8E00386511 /* ViewController.swift in Sources */,
				C529EB9D19D61A8E00386511 /* AppDelegate.swift in Sources */,
			);
			runOnlyForDeploymentPostprocessing = 0;
		};
		C529EBA819D61A8E00386511 /* Sources */ = {
			isa = PBXSourcesBuildPhase;
			buildActionMask = 2147483647;
			files = (
				C529EBB319D61A8E00386511 /* PostcardTests.swift in Sources */,
			);
			runOnlyForDeploymentPostprocessing = 0;
		};
/* End PBXSourcesBuildPhase section */

/* Begin PBXTargetDependency section */
		C529EBAE19D61A8E00386511 /* PBXTargetDependency */ = {
			isa = PBXTargetDependency;
			target = C529EB9619D61A8E00386511 /* Postcard */;
			targetProxy = C529EBAD19D61A8E00386511 /* PBXContainerItemProxy */;
		};
/* End PBXTargetDependency section */

/* Begin PBXVariantGroup section */
		C529EBA019D61A8E00386511 /* Main.storyboard */ = {
			isa = PBXVariantGroup;
			children = (
				C529EBA119D61A8E00386511 /* Base */,
			);
			name = Main.storyboard;
			sourceTree = "<group>";
		};
		C529EBA519D61A8E00386511 /* LaunchScreen.xib */ = {
			isa = PBXVariantGroup;
			children = (
				C529EBA619D61A8E00386511 /* Base */,
			);
			name = LaunchScreen.xib;
			sourceTree = "<group>";
		};
/* End PBXVariantGroup section */

/* Begin XCBuildConfiguration section */
		C529EBB419D61A8E00386511 /* Debug */ = {
			isa = XCBuildConfiguration;
			buildSettings = {
				ALWAYS_SEARCH_USER_PATHS = NO;
				CLANG_CXX_LANGUAGE_STANDARD = "gnu++0x";
				CLANG_CXX_LIBRARY = "libc++";
				CLANG_ENABLE_MODULES = YES;
				CLANG_ENABLE_OBJC_ARC = YES;
				CLANG_WARN_BOOL_CONVERSION = YES;
				CLANG_WARN_CONSTANT_CONVERSION = YES;
				CLANG_WARN_DIRECT_OBJC_ISA_USAGE = YES_ERROR;
				CLANG_WARN_EMPTY_BODY = YES;
				CLANG_WARN_ENUM_CONVERSION = YES;
				CLANG_WARN_INT_CONVERSION = YES;
				CLANG_WARN_OBJC_ROOT_CLASS = YES_ERROR;
				CLANG_WARN_UNREACHABLE_CODE = YES;
				CLANG_WARN__DUPLICATE_METHOD_MATCH = YES;
				"CODE_SIGN_IDENTITY[sdk=iphoneos*]" = "iPhone Developer";
				COPY_PHASE_STRIP = NO;
				ENABLE_STRICT_OBJC_MSGSEND = YES;
				GCC_C_LANGUAGE_STANDARD = gnu99;
				GCC_DYNAMIC_NO_PIC = NO;
				GCC_OPTIMIZATION_LEVEL = 0;
				GCC_PREPROCESSOR_DEFINITIONS = (
					"DEBUG=1",
					"$(inherited)",
				);
				GCC_SYMBOLS_PRIVATE_EXTERN = NO;
				GCC_WARN_64_TO_32_BIT_CONVERSION = YES;
				GCC_WARN_ABOUT_RETURN_TYPE = YES_ERROR;
				GCC_WARN_UNDECLARED_SELECTOR = YES;
				GCC_WARN_UNINITIALIZED_AUTOS = YES_AGGRESSIVE;
				GCC_WARN_UNUSED_FUNCTION = YES;
				GCC_WARN_UNUSED_VARIABLE = YES;
				IPHONEOS_DEPLOYMENT_TARGET = 8.0;
				MTL_ENABLE_DEBUG_INFO = YES;
				ONLY_ACTIVE_ARCH = YES;
				SDKROOT = iphoneos;
				SWIFT_OPTIMIZATION_LEVEL = "-Onone";
			};
			name = Debug;
		};
		C529EBB519D61A8E00386511 /* Release */ = {
			isa = XCBuildConfiguration;
			buildSettings = {
				ALWAYS_SEARCH_USER_PATHS = NO;
				CLANG_CXX_LANGUAGE_STANDARD = "gnu++0x";
				CLANG_CXX_LIBRARY = "libc++";
				CLANG_ENABLE_MODULES = YES;
				CLANG_ENABLE_OBJC_ARC = YES;
				CLANG_WARN_BOOL_CONVERSION = YES;
				CLANG_WARN_CONSTANT_CONVERSION = YES;
				CLANG_WARN_DIRECT_OBJC_ISA_USAGE = YES_ERROR;
				CLANG_WARN_EMPTY_BODY = YES;
				CLANG_WARN_ENUM_CONVERSION = YES;
				CLANG_WARN_INT_CONVERSION = YES;
				CLANG_WARN_OBJC_ROOT_CLASS = YES_ERROR;
				CLANG_WARN_UNREACHABLE_CODE = YES;
				CLANG_WARN__DUPLICATE_METHOD_MATCH = YES;
				"CODE_SIGN_IDENTITY[sdk=iphoneos*]" = "iPhone Developer";
				COPY_PHASE_STRIP = YES;
				ENABLE_NS_ASSERTIONS = NO;
				ENABLE_STRICT_OBJC_MSGSEND = YES;
				GCC_C_LANGUAGE_STANDARD = gnu99;
				GCC_WARN_64_TO_32_BIT_CONVERSION = YES;
				GCC_WARN_ABOUT_RETURN_TYPE = YES_ERROR;
				GCC_WARN_UNDECLARED_SELECTOR = YES;
				GCC_WARN_UNINITIALIZED_AUTOS = YES_AGGRESSIVE;
				GCC_WARN_UNUSED_FUNCTION = YES;
				GCC_WARN_UNUSED_VARIABLE = YES;
				IPHONEOS_DEPLOYMENT_TARGET = 8.0;
				MTL_ENABLE_DEBUG_INFO = NO;
				SDKROOT = iphoneos;
				VALIDATE_PRODUCT = YES;
			};
			name = Release;
		};
		C529EBB719D61A8E00386511 /* Debug */ = {
			isa = XCBuildConfiguration;
			buildSettings = {
				ASSETCATALOG_COMPILER_APPICON_NAME = AppIcon;
				INFOPLIST_FILE = Postcard/Info.plist;
				LD_RUNPATH_SEARCH_PATHS = "$(inherited) @executable_path/Frameworks";
				PRODUCT_NAME = "$(TARGET_NAME)";
			};
			name = Debug;
		};
		C529EBB819D61A8E00386511 /* Release */ = {
			isa = XCBuildConfiguration;
			buildSettings = {
				ASSETCATALOG_COMPILER_APPICON_NAME = AppIcon;
				INFOPLIST_FILE = Postcard/Info.plist;
				LD_RUNPATH_SEARCH_PATHS = "$(inherited) @executable_path/Frameworks";
				PRODUCT_NAME = "$(TARGET_NAME)";
			};
			name = Release;
		};
		C529EBBA19D61A8E00386511 /* Debug */ = {
			isa = XCBuildConfiguration;
			buildSettings = {
				BUNDLE_LOADER = "$(TEST_HOST)";
				FRAMEWORK_SEARCH_PATHS = (
					"$(SDKROOT)/Developer/Library/Frameworks",
					"$(inherited)",
				);
				GCC_PREPROCESSOR_DEFINITIONS = (
					"DEBUG=1",
					"$(inherited)",
				);
				INFOPLIST_FILE = PostcardTests/Info.plist;
				LD_RUNPATH_SEARCH_PATHS = "$(inherited) @executable_path/Frameworks @loader_path/Frameworks";
				PRODUCT_NAME = "$(TARGET_NAME)";
				TEST_HOST = "$(BUILT_PRODUCTS_DIR)/Postcard.app/Postcard";
			};
			name = Debug;
		};
		C529EBBB19D61A8E00386511 /* Release */ = {
			isa = XCBuildConfiguration;
			buildSettings = {
				BUNDLE_LOADER = "$(TEST_HOST)";
				FRAMEWORK_SEARCH_PATHS = (
					"$(SDKROOT)/Developer/Library/Frameworks",
					"$(inherited)",
				);
				INFOPLIST_FILE = PostcardTests/Info.plist;
				LD_RUNPATH_SEARCH_PATHS = "$(inherited) @executable_path/Frameworks @loader_path/Frameworks";
				PRODUCT_NAME = "$(TARGET_NAME)";
				TEST_HOST = "$(BUILT_PRODUCTS_DIR)/Postcard.app/Postcard";
			};
			name = Release;
		};
/* End XCBuildConfiguration section */

/* Begin XCConfigurationList section */
		C529EB9219D61A8E00386511 /* Build configuration list for PBXProject "Postcard" */ = {
			isa = XCConfigurationList;
			buildConfigurations = (
				C529EBB419D61A8E00386511 /* Debug */,
				C529EBB519D61A8E00386511 /* Release */,
			);
			defaultConfigurationIsVisible = 0;
			defaultConfigurationName = Release;
		};
		C529EBB619D61A8E00386511 /* Build configuration list for PBXNativeTarget "Postcard" */ = {
			isa = XCConfigurationList;
			buildConfigurations = (
				C529EBB719D61A8E00386511 /* Debug */,
				C529EBB819D61A8E00386511 /* Release */,
			);
			defaultConfigurationIsVisible = 0;
		};
		C529EBB919D61A8E00386511 /* Build configuration list for PBXNativeTarget "PostcardTests" */ = {
			isa = XCConfigurationList;
			buildConfigurations = (
				C529EBBA19D61A8E00386511 /* Debug */,
				C529EBBB19D61A8E00386511 /* Release */,
			);
			defaultConfigurationIsVisible = 0;
		};
/* End XCConfigurationList section */
	};
	rootObject = C529EB8F19D61A8E00386511 /* Project object */;
}
